// !$*UTF8*$!
{
	archiveVersion = 1;
	classes = {
	};
	objectVersion = 56;
	objects = {

/* Begin PBXBuildFile section */
		05A6D5662AE6593100E92FAC /* data.docc in Sources */ = {isa = PBXBuildFile; fileRef = 05A6D5652AE6593100E92FAC /* data.docc */; };
		05A6D56C2AE6593100E92FAC /* data.framework in Frameworks */ = {isa = PBXBuildFile; fileRef = 05A6D5612AE6593100E92FAC /* data.framework */; };
		05A6D5712AE6593100E92FAC /* dataTests.swift in Sources */ = {isa = PBXBuildFile; fileRef = 05A6D5702AE6593100E92FAC /* dataTests.swift */; };
		05A6D5722AE6593100E92FAC /* data.h in Headers */ = {isa = PBXBuildFile; fileRef = 05A6D5642AE6593100E92FAC /* data.h */; settings = {ATTRIBUTES = (Public, ); }; };
		05A6D61B2AE661B300E92FAC /* domain.framework in Frameworks */ = {isa = PBXBuildFile; fileRef = 05A6D61A2AE661B300E92FAC /* domain.framework */; };
		05A6D61C2AE661B300E92FAC /* domain.framework in Embed Frameworks */ = {isa = PBXBuildFile; fileRef = 05A6D61A2AE661B300E92FAC /* domain.framework */; settings = {ATTRIBUTES = (CodeSignOnCopy, RemoveHeadersOnCopy, ); }; };
		AC616BEB2AEA204300B8BDFF /* PostModel.swift in Sources */ = {isa = PBXBuildFile; fileRef = AC616BEA2AEA204300B8BDFF /* PostModel.swift */; };
		AC616BED2AEA205100B8BDFF /* PostDataRepo.swift in Sources */ = {isa = PBXBuildFile; fileRef = AC616BEC2AEA205100B8BDFF /* PostDataRepo.swift */; };
		AC616BEF2AEA206300B8BDFF /* PostRemoteDataSource.swift in Sources */ = {isa = PBXBuildFile; fileRef = AC616BEE2AEA206300B8BDFF /* PostRemoteDataSource.swift */; };
		AC616BF12AEA206F00B8BDFF /* PostLocalDataSource.swift in Sources */ = {isa = PBXBuildFile; fileRef = AC616BF02AEA206F00B8BDFF /* PostLocalDataSource.swift */; };
/* End PBXBuildFile section */

/* Begin PBXContainerItemProxy section */
		05A6D56D2AE6593100E92FAC /* PBXContainerItemProxy */ = {
			isa = PBXContainerItemProxy;
			containerPortal = 05A6D5582AE6593100E92FAC /* Project object */;
			proxyType = 1;
			remoteGlobalIDString = 05A6D5602AE6593100E92FAC;
			remoteInfo = data;
		};
/* End PBXContainerItemProxy section */

/* Begin PBXCopyFilesBuildPhase section */
		05A6D61D2AE661B300E92FAC /* Embed Frameworks */ = {
			isa = PBXCopyFilesBuildPhase;
			buildActionMask = 2147483647;
			dstPath = "";
			dstSubfolderSpec = 10;
			files = (
				05A6D61C2AE661B300E92FAC /* domain.framework in Embed Frameworks */,
			);
			name = "Embed Frameworks";
			runOnlyForDeploymentPostprocessing = 0;
		};
/* End PBXCopyFilesBuildPhase section */

/* Begin PBXFileReference section */
		05A6D5612AE6593100E92FAC /* data.framework */ = {isa = PBXFileReference; explicitFileType = wrapper.framework; includeInIndex = 0; path = data.framework; sourceTree = BUILT_PRODUCTS_DIR; };
		05A6D5642AE6593100E92FAC /* data.h */ = {isa = PBXFileReference; lastKnownFileType = sourcecode.c.h; path = data.h; sourceTree = "<group>"; };
		05A6D5652AE6593100E92FAC /* data.docc */ = {isa = PBXFileReference; lastKnownFileType = folder.documentationcatalog; path = data.docc; sourceTree = "<group>"; };
		05A6D56B2AE6593100E92FAC /* dataTests.xctest */ = {isa = PBXFileReference; explicitFileType = wrapper.cfbundle; includeInIndex = 0; path = dataTests.xctest; sourceTree = BUILT_PRODUCTS_DIR; };
		05A6D5702AE6593100E92FAC /* dataTests.swift */ = {isa = PBXFileReference; lastKnownFileType = sourcecode.swift; path = dataTests.swift; sourceTree = "<group>"; };
		05A6D61A2AE661B300E92FAC /* domain.framework */ = {isa = PBXFileReference; explicitFileType = wrapper.framework; path = domain.framework; sourceTree = BUILT_PRODUCTS_DIR; };
		AC616BEA2AEA204300B8BDFF /* PostModel.swift */ = {isa = PBXFileReference; lastKnownFileType = sourcecode.swift; path = PostModel.swift; sourceTree = "<group>"; };
		AC616BEC2AEA205100B8BDFF /* PostDataRepo.swift */ = {isa = PBXFileReference; lastKnownFileType = sourcecode.swift; path = PostDataRepo.swift; sourceTree = "<group>"; };
		AC616BEE2AEA206300B8BDFF /* PostRemoteDataSource.swift */ = {isa = PBXFileReference; lastKnownFileType = sourcecode.swift; path = PostRemoteDataSource.swift; sourceTree = "<group>"; };
		AC616BF02AEA206F00B8BDFF /* PostLocalDataSource.swift */ = {isa = PBXFileReference; lastKnownFileType = sourcecode.swift; path = PostLocalDataSource.swift; sourceTree = "<group>"; };
/* End PBXFileReference section */

/* Begin PBXFrameworksBuildPhase section */
		05A6D55E2AE6593100E92FAC /* Frameworks */ = {
			isa = PBXFrameworksBuildPhase;
			buildActionMask = 2147483647;
			files = (
				05A6D61B2AE661B300E92FAC /* domain.framework in Frameworks */,
			);
			runOnlyForDeploymentPostprocessing = 0;
		};
		05A6D5682AE6593100E92FAC /* Frameworks */ = {
			isa = PBXFrameworksBuildPhase;
			buildActionMask = 2147483647;
			files = (
				05A6D56C2AE6593100E92FAC /* data.framework in Frameworks */,
			);
			runOnlyForDeploymentPostprocessing = 0;
		};
/* End PBXFrameworksBuildPhase section */

/* Begin PBXGroup section */
		05A6D5572AE6593100E92FAC = {
			isa = PBXGroup;
			children = (
				05A6D5632AE6593100E92FAC /* data */,
				05A6D56F2AE6593100E92FAC /* dataTests */,
				05A6D5622AE6593100E92FAC /* Products */,
				05A6D6192AE661B300E92FAC /* Frameworks */,
			);
			sourceTree = "<group>";
		};
		05A6D5622AE6593100E92FAC /* Products */ = {
			isa = PBXGroup;
			children = (
				05A6D5612AE6593100E92FAC /* data.framework */,
				05A6D56B2AE6593100E92FAC /* dataTests.xctest */,
			);
			name = Products;
			sourceTree = "<group>";
		};
		05A6D5632AE6593100E92FAC /* data */ = {
			isa = PBXGroup;
			children = (
				AC616BE82AEA200A00B8BDFF /* Example */,
				05A6D5642AE6593100E92FAC /* data.h */,
				05A6D5652AE6593100E92FAC /* data.docc */,
			);
			path = data;
			sourceTree = "<group>";
		};
		05A6D56F2AE6593100E92FAC /* dataTests */ = {
			isa = PBXGroup;
			children = (
				05A6D5702AE6593100E92FAC /* dataTests.swift */,
			);
			path = dataTests;
			sourceTree = "<group>";
		};
		05A6D6192AE661B300E92FAC /* Frameworks */ = {
			isa = PBXGroup;
			children = (
				05A6D61A2AE661B300E92FAC /* domain.framework */,
			);
			name = Frameworks;
			sourceTree = "<group>";
		};
		AC616BE82AEA200A00B8BDFF /* Example */ = {
			isa = PBXGroup;
			children = (
				AC616BE92AEA202300B8BDFF /* Posts */,
			);
			path = Example;
			sourceTree = "<group>";
		};
		AC616BE92AEA202300B8BDFF /* Posts */ = {
			isa = PBXGroup;
			children = (
				AC616BEA2AEA204300B8BDFF /* PostModel.swift */,
				AC616BEC2AEA205100B8BDFF /* PostDataRepo.swift */,
				AC616BEE2AEA206300B8BDFF /* PostRemoteDataSource.swift */,
				AC616BF02AEA206F00B8BDFF /* PostLocalDataSource.swift */,
			);
			path = Posts;
			sourceTree = "<group>";
		};
/* End PBXGroup section */

/* Begin PBXHeadersBuildPhase section */
		05A6D55C2AE6593100E92FAC /* Headers */ = {
			isa = PBXHeadersBuildPhase;
			buildActionMask = 2147483647;
			files = (
				05A6D5722AE6593100E92FAC /* data.h in Headers */,
			);
			runOnlyForDeploymentPostprocessing = 0;
		};
/* End PBXHeadersBuildPhase section */

/* Begin PBXNativeTarget section */
		05A6D5602AE6593100E92FAC /* data */ = {
			isa = PBXNativeTarget;
			buildConfigurationList = 05A6D5752AE6593100E92FAC /* Build configuration list for PBXNativeTarget "data" */;
			buildPhases = (
				05A6D55C2AE6593100E92FAC /* Headers */,
				05A6D55D2AE6593100E92FAC /* Sources */,
				05A6D55E2AE6593100E92FAC /* Frameworks */,
				05A6D55F2AE6593100E92FAC /* Resources */,
				05A6D61D2AE661B300E92FAC /* Embed Frameworks */,
			);
			buildRules = (
			);
			dependencies = (
			);
			name = data;
			productName = data;
			productReference = 05A6D5612AE6593100E92FAC /* data.framework */;
			productType = "com.apple.product-type.framework";
		};
		05A6D56A2AE6593100E92FAC /* dataTests */ = {
			isa = PBXNativeTarget;
			buildConfigurationList = 05A6D5782AE6593100E92FAC /* Build configuration list for PBXNativeTarget "dataTests" */;
			buildPhases = (
				05A6D5672AE6593100E92FAC /* Sources */,
				05A6D5682AE6593100E92FAC /* Frameworks */,
				05A6D5692AE6593100E92FAC /* Resources */,
			);
			buildRules = (
			);
			dependencies = (
				05A6D56E2AE6593100E92FAC /* PBXTargetDependency */,
			);
			name = dataTests;
			productName = dataTests;
			productReference = 05A6D56B2AE6593100E92FAC /* dataTests.xctest */;
			productType = "com.apple.product-type.bundle.unit-test";
		};
/* End PBXNativeTarget section */

/* Begin PBXProject section */
		05A6D5582AE6593100E92FAC /* Project object */ = {
			isa = PBXProject;
			attributes = {
				BuildIndependentTargetsInParallel = 1;
				LastSwiftUpdateCheck = 1500;
				LastUpgradeCheck = 1500;
				TargetAttributes = {
					05A6D5602AE6593100E92FAC = {
						CreatedOnToolsVersion = 15.0.1;
					};
					05A6D56A2AE6593100E92FAC = {
						CreatedOnToolsVersion = 15.0.1;
					};
				};
			};
			buildConfigurationList = 05A6D55B2AE6593100E92FAC /* Build configuration list for PBXProject "data" */;
			compatibilityVersion = "Xcode 14.0";
			developmentRegion = en;
			hasScannedForEncodings = 0;
			knownRegions = (
				en,
				Base,
			);
			mainGroup = 05A6D5572AE6593100E92FAC;
			productRefGroup = 05A6D5622AE6593100E92FAC /* Products */;
			projectDirPath = "";
			projectRoot = "";
			targets = (
				05A6D5602AE6593100E92FAC /* data */,
				05A6D56A2AE6593100E92FAC /* dataTests */,
			);
		};
/* End PBXProject section */

/* Begin PBXResourcesBuildPhase section */
		05A6D55F2AE6593100E92FAC /* Resources */ = {
			isa = PBXResourcesBuildPhase;
			buildActionMask = 2147483647;
			files = (
			);
			runOnlyForDeploymentPostprocessing = 0;
		};
		05A6D5692AE6593100E92FAC /* Resources */ = {
			isa = PBXResourcesBuildPhase;
			buildActionMask = 2147483647;
			files = (
			);
			runOnlyForDeploymentPostprocessing = 0;
		};
/* End PBXResourcesBuildPhase section */

/* Begin PBXSourcesBuildPhase section */
		05A6D55D2AE6593100E92FAC /* Sources */ = {
			isa = PBXSourcesBuildPhase;
			buildActionMask = 2147483647;
			files = (
				05A6D5662AE6593100E92FAC /* data.docc in Sources */,
				AC616BEB2AEA204300B8BDFF /* PostModel.swift in Sources */,
				AC616BF12AEA206F00B8BDFF /* PostLocalDataSource.swift in Sources */,
				AC616BEF2AEA206300B8BDFF /* PostRemoteDataSource.swift in Sources */,
				AC616BED2AEA205100B8BDFF /* PostDataRepo.swift in Sources */,
			);
			runOnlyForDeploymentPostprocessing = 0;
		};
		05A6D5672AE6593100E92FAC /* Sources */ = {
			isa = PBXSourcesBuildPhase;
			buildActionMask = 2147483647;
			files = (
				05A6D5712AE6593100E92FAC /* dataTests.swift in Sources */,
			);
			runOnlyForDeploymentPostprocessing = 0;
		};
/* End PBXSourcesBuildPhase section */

/* Begin PBXTargetDependency section */
		05A6D56E2AE6593100E92FAC /* PBXTargetDependency */ = {
			isa = PBXTargetDependency;
			target = 05A6D5602AE6593100E92FAC /* data */;
			targetProxy = 05A6D56D2AE6593100E92FAC /* PBXContainerItemProxy */;
		};
/* End PBXTargetDependency section */

/* Begin XCBuildConfiguration section */
		05A6D5732AE6593100E92FAC /* Debug */ = {
			isa = XCBuildConfiguration;
			buildSettings = {
				ALWAYS_SEARCH_USER_PATHS = NO;
				ASSETCATALOG_COMPILER_GENERATE_SWIFT_ASSET_SYMBOL_EXTENSIONS = YES;
				CLANG_ANALYZER_NONNULL = YES;
				CLANG_ANALYZER_NUMBER_OBJECT_CONVERSION = YES_AGGRESSIVE;
				CLANG_CXX_LANGUAGE_STANDARD = "gnu++20";
				CLANG_ENABLE_MODULES = YES;
				CLANG_ENABLE_OBJC_ARC = YES;
				CLANG_ENABLE_OBJC_WEAK = YES;
				CLANG_WARN_BLOCK_CAPTURE_AUTORELEASING = YES;
				CLANG_WARN_BOOL_CONVERSION = YES;
				CLANG_WARN_COMMA = YES;
				CLANG_WARN_CONSTANT_CONVERSION = YES;
				CLANG_WARN_DEPRECATED_OBJC_IMPLEMENTATIONS = YES;
				CLANG_WARN_DIRECT_OBJC_ISA_USAGE = YES_ERROR;
				CLANG_WARN_DOCUMENTATION_COMMENTS = YES;
				CLANG_WARN_EMPTY_BODY = YES;
				CLANG_WARN_ENUM_CONVERSION = YES;
				CLANG_WARN_INFINITE_RECURSION = YES;
				CLANG_WARN_INT_CONVERSION = YES;
				CLANG_WARN_NON_LITERAL_NULL_CONVERSION = YES;
				CLANG_WARN_OBJC_IMPLICIT_RETAIN_SELF = YES;
				CLANG_WARN_OBJC_LITERAL_CONVERSION = YES;
				CLANG_WARN_OBJC_ROOT_CLASS = YES_ERROR;
				CLANG_WARN_QUOTED_INCLUDE_IN_FRAMEWORK_HEADER = YES;
				CLANG_WARN_RANGE_LOOP_ANALYSIS = YES;
				CLANG_WARN_STRICT_PROTOTYPES = YES;
				CLANG_WARN_SUSPICIOUS_MOVE = YES;
				CLANG_WARN_UNGUARDED_AVAILABILITY = YES_AGGRESSIVE;
				CLANG_WARN_UNREACHABLE_CODE = YES;
				CLANG_WARN__DUPLICATE_METHOD_MATCH = YES;
				COPY_PHASE_STRIP = NO;
				CURRENT_PROJECT_VERSION = 1;
				DEBUG_INFORMATION_FORMAT = dwarf;
				ENABLE_STRICT_OBJC_MSGSEND = YES;
				ENABLE_TESTABILITY = YES;
				ENABLE_USER_SCRIPT_SANDBOXING = YES;
				GCC_C_LANGUAGE_STANDARD = gnu17;
				GCC_DYNAMIC_NO_PIC = NO;
				GCC_NO_COMMON_BLOCKS = YES;
				GCC_OPTIMIZATION_LEVEL = 0;
				GCC_PREPROCESSOR_DEFINITIONS = (
					"DEBUG=1",
					"$(inherited)",
				);
				GCC_WARN_64_TO_32_BIT_CONVERSION = YES;
				GCC_WARN_ABOUT_RETURN_TYPE = YES_ERROR;
				GCC_WARN_UNDECLARED_SELECTOR = YES;
				GCC_WARN_UNINITIALIZED_AUTOS = YES_AGGRESSIVE;
				GCC_WARN_UNUSED_FUNCTION = YES;
				GCC_WARN_UNUSED_VARIABLE = YES;
				IPHONEOS_DEPLOYMENT_TARGET = 13.0;
				LOCALIZATION_PREFERS_STRING_CATALOGS = YES;
				MTL_ENABLE_DEBUG_INFO = INCLUDE_SOURCE;
				MTL_FAST_MATH = YES;
				ONLY_ACTIVE_ARCH = YES;
				SDKROOT = iphoneos;
				SWIFT_ACTIVE_COMPILATION_CONDITIONS = "DEBUG $(inherited)";
				SWIFT_OPTIMIZATION_LEVEL = "-Onone";
				VERSIONING_SYSTEM = "apple-generic";
				VERSION_INFO_PREFIX = "";
			};
			name = Debug;
		};
		05A6D5742AE6593100E92FAC /* Release */ = {
			isa = XCBuildConfiguration;
			buildSettings = {
				ALWAYS_SEARCH_USER_PATHS = NO;
				ASSETCATALOG_COMPILER_GENERATE_SWIFT_ASSET_SYMBOL_EXTENSIONS = YES;
				CLANG_ANALYZER_NONNULL = YES;
				CLANG_ANALYZER_NUMBER_OBJECT_CONVERSION = YES_AGGRESSIVE;
				CLANG_CXX_LANGUAGE_STANDARD = "gnu++20";
				CLANG_ENABLE_MODULES = YES;
				CLANG_ENABLE_OBJC_ARC = YES;
				CLANG_ENABLE_OBJC_WEAK = YES;
				CLANG_WARN_BLOCK_CAPTURE_AUTORELEASING = YES;
				CLANG_WARN_BOOL_CONVERSION = YES;
				CLANG_WARN_COMMA = YES;
				CLANG_WARN_CONSTANT_CONVERSION = YES;
				CLANG_WARN_DEPRECATED_OBJC_IMPLEMENTATIONS = YES;
				CLANG_WARN_DIRECT_OBJC_ISA_USAGE = YES_ERROR;
				CLANG_WARN_DOCUMENTATION_COMMENTS = YES;
				CLANG_WARN_EMPTY_BODY = YES;
				CLANG_WARN_ENUM_CONVERSION = YES;
				CLANG_WARN_INFINITE_RECURSION = YES;
				CLANG_WARN_INT_CONVERSION = YES;
				CLANG_WARN_NON_LITERAL_NULL_CONVERSION = YES;
				CLANG_WARN_OBJC_IMPLICIT_RETAIN_SELF = YES;
				CLANG_WARN_OBJC_LITERAL_CONVERSION = YES;
				CLANG_WARN_OBJC_ROOT_CLASS = YES_ERROR;
				CLANG_WARN_QUOTED_INCLUDE_IN_FRAMEWORK_HEADER = YES;
				CLANG_WARN_RANGE_LOOP_ANALYSIS = YES;
				CLANG_WARN_STRICT_PROTOTYPES = YES;
				CLANG_WARN_SUSPICIOUS_MOVE = YES;
				CLANG_WARN_UNGUARDED_AVAILABILITY = YES_AGGRESSIVE;
				CLANG_WARN_UNREACHABLE_CODE = YES;
				CLANG_WARN__DUPLICATE_METHOD_MATCH = YES;
				COPY_PHASE_STRIP = NO;
				CURRENT_PROJECT_VERSION = 1;
				DEBUG_INFORMATION_FORMAT = "dwarf-with-dsym";
				ENABLE_NS_ASSERTIONS = NO;
				ENABLE_STRICT_OBJC_MSGSEND = YES;
				ENABLE_USER_SCRIPT_SANDBOXING = YES;
				GCC_C_LANGUAGE_STANDARD = gnu17;
				GCC_NO_COMMON_BLOCKS = YES;
				GCC_WARN_64_TO_32_BIT_CONVERSION = YES;
				GCC_WARN_ABOUT_RETURN_TYPE = YES_ERROR;
				GCC_WARN_UNDECLARED_SELECTOR = YES;
				GCC_WARN_UNINITIALIZED_AUTOS = YES_AGGRESSIVE;
				GCC_WARN_UNUSED_FUNCTION = YES;
				GCC_WARN_UNUSED_VARIABLE = YES;
				IPHONEOS_DEPLOYMENT_TARGET = 13.0;
				LOCALIZATION_PREFERS_STRING_CATALOGS = YES;
				MTL_ENABLE_DEBUG_INFO = NO;
				MTL_FAST_MATH = YES;
				SDKROOT = iphoneos;
				SWIFT_COMPILATION_MODE = wholemodule;
				VALIDATE_PRODUCT = YES;
				VERSIONING_SYSTEM = "apple-generic";
				VERSION_INFO_PREFIX = "";
			};
			name = Release;
		};
		05A6D5762AE6593100E92FAC /* Debug */ = {
			isa = XCBuildConfiguration;
			buildSettings = {
				CODE_SIGN_STYLE = Automatic;
				CURRENT_PROJECT_VERSION = 1;
				DEFINES_MODULE = YES;
				DEVELOPMENT_TEAM = XLX6KD3AF8;
				DYLIB_COMPATIBILITY_VERSION = 1;
				DYLIB_CURRENT_VERSION = 1;
				DYLIB_INSTALL_NAME_BASE = "@rpath";
				ENABLE_MODULE_VERIFIER = YES;
				GENERATE_INFOPLIST_FILE = YES;
				INFOPLIST_KEY_NSHumanReadableCopyright = "";
				INSTALL_PATH = "$(LOCAL_LIBRARY_DIR)/Frameworks";
				LD_RUNPATH_SEARCH_PATHS = (
					"$(inherited)",
					"@executable_path/Frameworks",
					"@loader_path/Frameworks",
				);
				MARKETING_VERSION = 1.0;
				MODULE_VERIFIER_SUPPORTED_LANGUAGES = "objective-c objective-c++";
				MODULE_VERIFIER_SUPPORTED_LANGUAGE_STANDARDS = "gnu17 gnu++20";
				PRODUCT_BUNDLE_IDENTIFIER = com.fauziarda.personal.data;
				PRODUCT_NAME = "$(TARGET_NAME:c99extidentifier)";
				SKIP_INSTALL = YES;
				SWIFT_EMIT_LOC_STRINGS = YES;
				SWIFT_VERSION = 5.0;
				TARGETED_DEVICE_FAMILY = "1,2";
			};
			name = Debug;
		};
		05A6D5772AE6593100E92FAC /* Release */ = {
			isa = XCBuildConfiguration;
			buildSettings = {
				CODE_SIGN_STYLE = Automatic;
				CURRENT_PROJECT_VERSION = 1;
				DEFINES_MODULE = YES;
				DEVELOPMENT_TEAM = XLX6KD3AF8;
				DYLIB_COMPATIBILITY_VERSION = 1;
				DYLIB_CURRENT_VERSION = 1;
				DYLIB_INSTALL_NAME_BASE = "@rpath";
				ENABLE_MODULE_VERIFIER = YES;
				GENERATE_INFOPLIST_FILE = YES;
				INFOPLIST_KEY_NSHumanReadableCopyright = "";
				INSTALL_PATH = "$(LOCAL_LIBRARY_DIR)/Frameworks";
				LD_RUNPATH_SEARCH_PATHS = (
					"$(inherited)",
					"@executable_path/Frameworks",
					"@loader_path/Frameworks",
				);
				MARKETING_VERSION = 1.0;
				MODULE_VERIFIER_SUPPORTED_LANGUAGES = "objective-c objective-c++";
				MODULE_VERIFIER_SUPPORTED_LANGUAGE_STANDARDS = "gnu17 gnu++20";
				PRODUCT_BUNDLE_IDENTIFIER = com.fauziarda.personal.data;
				PRODUCT_NAME = "$(TARGET_NAME:c99extidentifier)";
				SKIP_INSTALL = YES;
				SWIFT_EMIT_LOC_STRINGS = YES;
				SWIFT_VERSION = 5.0;
				TARGETED_DEVICE_FAMILY = "1,2";
			};
			name = Release;
		};
		05A6D5792AE6593100E92FAC /* Debug */ = {
			isa = XCBuildConfiguration;
			buildSettings = {
				ALWAYS_EMBED_SWIFT_STANDARD_LIBRARIES = YES;
				CODE_SIGN_STYLE = Automatic;
				CURRENT_PROJECT_VERSION = 1;
				DEVELOPMENT_TEAM = XLX6KD3AF8;
				GENERATE_INFOPLIST_FILE = YES;
				MARKETING_VERSION = 1.0;
				PRODUCT_BUNDLE_IDENTIFIER = com.fauziarda.personal.dataTests;
				PRODUCT_NAME = "$(TARGET_NAME)";
				SWIFT_EMIT_LOC_STRINGS = NO;
				SWIFT_VERSION = 5.0;
				TARGETED_DEVICE_FAMILY = "1,2";
			};
			name = Debug;
		};
		05A6D57A2AE6593100E92FAC /* Release */ = {
			isa = XCBuildConfiguration;
			buildSettings = {
				ALWAYS_EMBED_SWIFT_STANDARD_LIBRARIES = YES;
				CODE_SIGN_STYLE = Automatic;
				CURRENT_PROJECT_VERSION = 1;
				DEVELOPMENT_TEAM = XLX6KD3AF8;
				GENERATE_INFOPLIST_FILE = YES;
				MARKETING_VERSION = 1.0;
				PRODUCT_BUNDLE_IDENTIFIER = com.fauziarda.personal.dataTests;
				PRODUCT_NAME = "$(TARGET_NAME)";
				SWIFT_EMIT_LOC_STRINGS = NO;
				SWIFT_VERSION = 5.0;
				TARGETED_DEVICE_FAMILY = "1,2";
			};
			name = Release;
		};
/* End XCBuildConfiguration section */

/* Begin XCConfigurationList section */
		05A6D55B2AE6593100E92FAC /* Build configuration list for PBXProject "data" */ = {
			isa = XCConfigurationList;
			buildConfigurations = (
				05A6D5732AE6593100E92FAC /* Debug */,
				05A6D5742AE6593100E92FAC /* Release */,
			);
			defaultConfigurationIsVisible = 0;
			defaultConfigurationName = Release;
		};
		05A6D5752AE6593100E92FAC /* Build configuration list for PBXNativeTarget "data" */ = {
			isa = XCConfigurationList;
			buildConfigurations = (
				05A6D5762AE6593100E92FAC /* Debug */,
				05A6D5772AE6593100E92FAC /* Release */,
			);
			defaultConfigurationIsVisible = 0;
			defaultConfigurationName = Release;
		};
		05A6D5782AE6593100E92FAC /* Build configuration list for PBXNativeTarget "dataTests" */ = {
			isa = XCConfigurationList;
			buildConfigurations = (
				05A6D5792AE6593100E92FAC /* Debug */,
				05A6D57A2AE6593100E92FAC /* Release */,
			);
			defaultConfigurationIsVisible = 0;
			defaultConfigurationName = Release;
		};
/* End XCConfigurationList section */
	};
	rootObject = 05A6D5582AE6593100E92FAC /* Project object */;
}
